<?xml version="1.0" encoding="utf-8"?>
<Project ToolsVersion="4.0" xmlns="http://schemas.microsoft.com/developer/msbuild/2003">
  <ItemGroup>
    <Filter Include="Network">
      <UniqueIdentifier>{7d8b7cd7-7f67-4b74-8cf8-5090a4722274}</UniqueIdentifier>
    </Filter>
    <Filter Include="Utils">
      <UniqueIdentifier>{db4e85e1-ba9c-4525-9845-239ebd00a74e}</UniqueIdentifier>
    </Filter>
  </ItemGroup>
  <ItemGroup>
    <ClInclude Include="RefSingleton.h">
      <Filter>Utils</Filter>
    </ClInclude>
    <ClInclude Include="Service.h">
      <Filter>Network</Filter>
    </ClInclude>
    <ClInclude Include="ServerService.h">
      <Filter>Network</Filter>
    </ClInclude>
    <ClInclude Include="ClientService.h">
      <Filter>Network</Filter>
    </ClInclude>
  </ItemGroup>
  <ItemGroup>
    <ClCompile Include="Service.cpp">
      <Filter>Network</Filter>
    </ClCompile>
    <ClCompile Include="ServerService.cpp">
      <Filter>Network</Filter>
    </ClCompile>
    <ClCompile Include="ClientService.cpp">
      <Filter>Network</Filter>
    </ClCompile>
  </ItemGroup>
</Project>