
Microsoft Visual Studio Solution File, Format Version 12.00
# Visual Studio Version 17
VisualStudioVersion = 17.9.34902.65
MinimumVisualStudioVersion = 10.0.40219.1
Project("{9A19103F-16F7-4668-BE54-9A1E7A4F7556}") = "IDLCompiler", "IDLCompiler\IDLCompiler.csproj", "{EBDE2C52-8B36-4CA7-9697-35F2DD78EAFD}"
EndProject
Project("{9A19103F-16F7-4668-BE54-9A1E7A4F7556}") = "Game", "Game\Game.csproj", "{3DA6F6D0-4235-4AFA-9D82-DCF1AE9769A0}"
EndProject
Global
	GlobalSection(SolutionConfigurationPlatforms) = preSolution
		Debug|Any CPU = Debug|Any CPU
		Release|Any CPU = Release|Any CPU
	EndGlobalSection
	GlobalSection(ProjectConfigurationPlatforms) = postSolution
		{EBDE2C52-8B36-4CA7-9697-35F2DD78EAFD}.Debug|Any CPU.ActiveCfg = Debug|Any CPU
		{EBDE2C52-8B36-4CA7-9697-35F2DD78EAFD}.Debug|Any CPU.Build.0 = Debug|Any CPU
		{EBDE2C52-8B36-4CA7-9697-35F2DD78EAFD}.Release|Any CPU.ActiveCfg = Release|Any CPU
		{EBDE2C52-8B36-4CA7-9697-35F2DD78EAFD}.Release|Any CPU.Build.0 = Release|Any CPU
		{3DA6F6D0-4235-4AFA-9D82-DCF1AE9769A0}.Debug|Any CPU.ActiveCfg = Debug|Any CPU
		{3DA6F6D0-4235-4AFA-9D82-DCF1AE9769A0}.Debug|Any CPU.Build.0 = Debug|Any CPU
		{3DA6F6D0-4235-4AFA-9D82-DCF1AE9769A0}.Release|Any CPU.ActiveCfg = Release|Any CPU
		{3DA6F6D0-4235-4AFA-9D82-DCF1AE9769A0}.Release|Any CPU.Build.0 = Release|Any CPU
	EndGlobalSection
	GlobalSection(SolutionProperties) = preSolution
		HideSolutionNode = FALSE
	EndGlobalSection
	GlobalSection(ExtensibilityGlobals) = postSolution
		SolutionGuid = {32F55CDD-D56D-4CB3-9BA5-772F388C6256}
	EndGlobalSection
EndGlobal
