
Microsoft Visual Studio Solution File, Format Version 12.00
# Visual Studio Version 17
VisualStudioVersion = 17.9.34902.65
MinimumVisualStudioVersion = 10.0.40219.1
Project("{FAE04EC0-301F-11D3-BF4B-00C04F79EFBC}") = "Game", "Game\Game.csproj", "{DE5E282E-2F6F-4C2B-99DE-3BEC668BCEB9}"
EndProject
Global
	GlobalSection(SolutionConfigurationPlatforms) = preSolution
		Debug|Any CPU = Debug|Any CPU
		Release|Any CPU = Release|Any CPU
	EndGlobalSection
	GlobalSection(ProjectConfigurationPlatforms) = postSolution
		{DE5E282E-2F6F-4C2B-99DE-3BEC668BCEB9}.Debug|Any CPU.ActiveCfg = Debug|Any CPU
		{DE5E282E-2F6F-4C2B-99DE-3BEC668BCEB9}.Debug|Any CPU.Build.0 = Debug|Any CPU
		{DE5E282E-2F6F-4C2B-99DE-3BEC668BCEB9}.Release|Any CPU.ActiveCfg = Release|Any CPU
		{DE5E282E-2F6F-4C2B-99DE-3BEC668BCEB9}.Release|Any CPU.Build.0 = Release|Any CPU
	EndGlobalSection
	GlobalSection(SolutionProperties) = preSolution
		HideSolutionNode = FALSE
	EndGlobalSection
	GlobalSection(ExtensibilityGlobals) = postSolution
		SolutionGuid = {57E2F1D4-40D4-4F8F-8B51-172AE4642E7B}
	EndGlobalSection
EndGlobal
