<?xml version="1.0" encoding="utf-8"?>
<Project ToolsVersion="4.0" xmlns="http://schemas.microsoft.com/developer/msbuild/2003">
  <ItemGroup>
    <Filter Include="Main">
      <UniqueIdentifier>{5426e725-b4a9-4368-8b4e-819e49736680}</UniqueIdentifier>
    </Filter>
    <Filter Include="Protocol">
      <UniqueIdentifier>{35f75bf4-9415-4eb4-b02c-620f85ac2415}</UniqueIdentifier>
    </Filter>
    <Filter Include="Handler">
      <UniqueIdentifier>{fbabcd1e-5dd3-4da4-86e9-8549e28fba33}</UniqueIdentifier>
    </Filter>
  </ItemGroup>
  <ItemGroup>
    <ClCompile Include="Main.cpp">
      <Filter>Main</Filter>
    </ClCompile>
    <ClCompile Include="GameSession.cpp">
      <Filter>Main</Filter>
    </ClCompile>
    <ClCompile Include="GameSessionManager.cpp">
      <Filter>Main</Filter>
    </ClCompile>
    <ClCompile Include="ClientPacketHandler.cpp">
      <Filter>Handler</Filter>
    </ClCompile>
    <ClCompile Include="Protocol.pb.cc">
      <Filter>Protocol</Filter>
    </ClCompile>
  </ItemGroup>
  <ItemGroup>
    <ClInclude Include="GameSession.h">
      <Filter>Main</Filter>
    </ClInclude>
    <ClInclude Include="GameSessionManager.h">
      <Filter>Main</Filter>
    </ClInclude>
    <ClInclude Include="ClientPacketHandler.h">
      <Filter>Handler</Filter>
    </ClInclude>
    <ClInclude Include="Protocol.pb.h">
      <Filter>Protocol</Filter>
    </ClInclude>
  </ItemGroup>
  <ItemGroup>
    <None Include="..\..\Common\Protobuf\bin\Protocol.proto">
      <Filter>Protocol</Filter>
    </None>
  </ItemGroup>
</Project>